
Microsoft Visual Studio Solution File, Format Version 12.00
# Visual Studio Version 17
VisualStudioVersion = 17.11.35219.272
MinimumVisualStudioVersion = 10.0.40219.1
Project("{9A19103F-16F7-4668-BE54-9A1E7A4F7556}") = "Streams", "Streams\Streams.csproj", "{8906C9D9-EBCB-4E2F-937A-7CA63D878A01}"
EndProject
Project("{9A19103F-16F7-4668-BE54-9A1E7A4F7556}") = "Example2", "Example2\Example2.csproj", "{12C9E219-98A4-4E9F-A471-6F9A1BE87D11}"
EndProject
Project("{9A19103F-16F7-4668-BE54-9A1E7A4F7556}") = "PracticeNum1", "PracticeNum1\PracticeNum1.csproj", "{09ECF883-F2B2-449C-A9B9-4773BC41214C}"
EndProject
Project("{9A19103F-16F7-4668-BE54-9A1E7A4F7556}") = "CanReadExample", "CanReadExample\CanReadExample.csproj", "{307CE970-63D7-47BE-9B7B-0EC9575CEC28}"
EndProject
Project("{9A19103F-16F7-4668-BE54-9A1E7A4F7556}") = "CanSeekExample", "CanSeekExample\CanSeekExample.csproj", "{2384AD3D-3AD8-404C-A959-605F984762BF}"
EndProject
Project("{9A19103F-16F7-4668-BE54-9A1E7A4F7556}") = "CanTimeOutExample", "CanTimeOutExample\CanTimeOutExample.csproj", "{D17606D6-DB25-459C-A042-43D2F627A79D}"
EndProject
Project("{9A19103F-16F7-4668-BE54-9A1E7A4F7556}") = "CanWriteExample", "CanWriteExample\CanWriteExample.csproj", "{694BB857-A7BA-4185-AC62-732B2B4543B6}"
EndProject
Project("{9A19103F-16F7-4668-BE54-9A1E7A4F7556}") = "LengthExample", "LengthExample\LengthExample.csproj", "{C21E1799-4967-4E0D-BFC9-CA081F90F5EE}"
EndProject
Project("{9A19103F-16F7-4668-BE54-9A1E7A4F7556}") = "ReadTimeOutExample", "ReadTimeOutExample\ReadTimeOutExample.csproj", "{1557D42B-2E8C-44AC-AACD-314315277FE1}"
EndProject
Project("{9A19103F-16F7-4668-BE54-9A1E7A4F7556}") = "WriteTimeoutExample", "WriteTimeoutExample\WriteTimeoutExample.csproj", "{615664C9-F850-4A77-9E7A-D0AAD61FFF14}"
EndProject
Project("{FAE04EC0-301F-11D3-BF4B-00C04F79EFBC}") = "ReadExample", "ReadByteExample\ReadExample.csproj", "{9DAE93FD-066B-4BC8-87EB-584D20694947}"
EndProject
Project("{FAE04EC0-301F-11D3-BF4B-00C04F79EFBC}") = "ReadByteExample1", "ReadByteExample1\ReadByteExample1.csproj", "{786365AE-E51C-4D3D-B99F-C3E64971CA1A}"
EndProject
Project("{FAE04EC0-301F-11D3-BF4B-00C04F79EFBC}") = "WriteByteExample", "WriteByteExample\WriteByteExample.csproj", "{312D6C6E-55DE-4CB3-B068-294D8EA3D5F9}"
EndProject
Project("{FAE04EC0-301F-11D3-BF4B-00C04F79EFBC}") = "FlushExample", "FlushExample\FlushExample.csproj", "{6E1BB615-FDDA-469F-BCED-323348FE2912}"
EndProject
Global
	GlobalSection(SolutionConfigurationPlatforms) = preSolution
		Debug|Any CPU = Debug|Any CPU
		Release|Any CPU = Release|Any CPU
	EndGlobalSection
	GlobalSection(ProjectConfigurationPlatforms) = postSolution
		{8906C9D9-EBCB-4E2F-937A-7CA63D878A01}.Debug|Any CPU.ActiveCfg = Debug|Any CPU
		{8906C9D9-EBCB-4E2F-937A-7CA63D878A01}.Debug|Any CPU.Build.0 = Debug|Any CPU
		{8906C9D9-EBCB-4E2F-937A-7CA63D878A01}.Release|Any CPU.ActiveCfg = Release|Any CPU
		{8906C9D9-EBCB-4E2F-937A-7CA63D878A01}.Release|Any CPU.Build.0 = Release|Any CPU
		{12C9E219-98A4-4E9F-A471-6F9A1BE87D11}.Debug|Any CPU.ActiveCfg = Debug|Any CPU
		{12C9E219-98A4-4E9F-A471-6F9A1BE87D11}.Debug|Any CPU.Build.0 = Debug|Any CPU
		{12C9E219-98A4-4E9F-A471-6F9A1BE87D11}.Release|Any CPU.ActiveCfg = Release|Any CPU
		{12C9E219-98A4-4E9F-A471-6F9A1BE87D11}.Release|Any CPU.Build.0 = Release|Any CPU
		{09ECF883-F2B2-449C-A9B9-4773BC41214C}.Debug|Any CPU.ActiveCfg = Debug|Any CPU
		{09ECF883-F2B2-449C-A9B9-4773BC41214C}.Debug|Any CPU.Build.0 = Debug|Any CPU
		{09ECF883-F2B2-449C-A9B9-4773BC41214C}.Release|Any CPU.ActiveCfg = Release|Any CPU
		{09ECF883-F2B2-449C-A9B9-4773BC41214C}.Release|Any CPU.Build.0 = Release|Any CPU
		{307CE970-63D7-47BE-9B7B-0EC9575CEC28}.Debug|Any CPU.ActiveCfg = Debug|Any CPU
		{307CE970-63D7-47BE-9B7B-0EC9575CEC28}.Debug|Any CPU.Build.0 = Debug|Any CPU
		{307CE970-63D7-47BE-9B7B-0EC9575CEC28}.Release|Any CPU.ActiveCfg = Release|Any CPU
		{307CE970-63D7-47BE-9B7B-0EC9575CEC28}.Release|Any CPU.Build.0 = Release|Any CPU
		{2384AD3D-3AD8-404C-A959-605F984762BF}.Debug|Any CPU.ActiveCfg = Debug|Any CPU
		{2384AD3D-3AD8-404C-A959-605F984762BF}.Debug|Any CPU.Build.0 = Debug|Any CPU
		{2384AD3D-3AD8-404C-A959-605F984762BF}.Release|Any CPU.ActiveCfg = Release|Any CPU
		{2384AD3D-3AD8-404C-A959-605F984762BF}.Release|Any CPU.Build.0 = Release|Any CPU
		{D17606D6-DB25-459C-A042-43D2F627A79D}.Debug|Any CPU.ActiveCfg = Debug|Any CPU
		{D17606D6-DB25-459C-A042-43D2F627A79D}.Debug|Any CPU.Build.0 = Debug|Any CPU
		{D17606D6-DB25-459C-A042-43D2F627A79D}.Release|Any CPU.ActiveCfg = Release|Any CPU
		{D17606D6-DB25-459C-A042-43D2F627A79D}.Release|Any CPU.Build.0 = Release|Any CPU
		{694BB857-A7BA-4185-AC62-732B2B4543B6}.Debug|Any CPU.ActiveCfg = Debug|Any CPU
		{694BB857-A7BA-4185-AC62-732B2B4543B6}.Debug|Any CPU.Build.0 = Debug|Any CPU
		{694BB857-A7BA-4185-AC62-732B2B4543B6}.Release|Any CPU.ActiveCfg = Release|Any CPU
		{694BB857-A7BA-4185-AC62-732B2B4543B6}.Release|Any CPU.Build.0 = Release|Any CPU
		{C21E1799-4967-4E0D-BFC9-CA081F90F5EE}.Debug|Any CPU.ActiveCfg = Debug|Any CPU
		{C21E1799-4967-4E0D-BFC9-CA081F90F5EE}.Debug|Any CPU.Build.0 = Debug|Any CPU
		{C21E1799-4967-4E0D-BFC9-CA081F90F5EE}.Release|Any CPU.ActiveCfg = Release|Any CPU
		{C21E1799-4967-4E0D-BFC9-CA081F90F5EE}.Release|Any CPU.Build.0 = Release|Any CPU
		{1557D42B-2E8C-44AC-AACD-314315277FE1}.Debug|Any CPU.ActiveCfg = Debug|Any CPU
		{1557D42B-2E8C-44AC-AACD-314315277FE1}.Debug|Any CPU.Build.0 = Debug|Any CPU
		{1557D42B-2E8C-44AC-AACD-314315277FE1}.Release|Any CPU.ActiveCfg = Release|Any CPU
		{1557D42B-2E8C-44AC-AACD-314315277FE1}.Release|Any CPU.Build.0 = Release|Any CPU
		{615664C9-F850-4A77-9E7A-D0AAD61FFF14}.Debug|Any CPU.ActiveCfg = Debug|Any CPU
		{615664C9-F850-4A77-9E7A-D0AAD61FFF14}.Debug|Any CPU.Build.0 = Debug|Any CPU
		{615664C9-F850-4A77-9E7A-D0AAD61FFF14}.Release|Any CPU.ActiveCfg = Release|Any CPU
		{615664C9-F850-4A77-9E7A-D0AAD61FFF14}.Release|Any CPU.Build.0 = Release|Any CPU
		{9DAE93FD-066B-4BC8-87EB-584D20694947}.Debug|Any CPU.ActiveCfg = Debug|Any CPU
		{9DAE93FD-066B-4BC8-87EB-584D20694947}.Debug|Any CPU.Build.0 = Debug|Any CPU
		{9DAE93FD-066B-4BC8-87EB-584D20694947}.Release|Any CPU.ActiveCfg = Release|Any CPU
		{9DAE93FD-066B-4BC8-87EB-584D20694947}.Release|Any CPU.Build.0 = Release|Any CPU
		{786365AE-E51C-4D3D-B99F-C3E64971CA1A}.Debug|Any CPU.ActiveCfg = Debug|Any CPU
		{786365AE-E51C-4D3D-B99F-C3E64971CA1A}.Debug|Any CPU.Build.0 = Debug|Any CPU
		{786365AE-E51C-4D3D-B99F-C3E64971CA1A}.Release|Any CPU.ActiveCfg = Release|Any CPU
		{786365AE-E51C-4D3D-B99F-C3E64971CA1A}.Release|Any CPU.Build.0 = Release|Any CPU
		{312D6C6E-55DE-4CB3-B068-294D8EA3D5F9}.Debug|Any CPU.ActiveCfg = Debug|Any CPU
		{312D6C6E-55DE-4CB3-B068-294D8EA3D5F9}.Debug|Any CPU.Build.0 = Debug|Any CPU
		{312D6C6E-55DE-4CB3-B068-294D8EA3D5F9}.Release|Any CPU.ActiveCfg = Release|Any CPU
		{312D6C6E-55DE-4CB3-B068-294D8EA3D5F9}.Release|Any CPU.Build.0 = Release|Any CPU
		{6E1BB615-FDDA-469F-BCED-323348FE2912}.Debug|Any CPU.ActiveCfg = Debug|Any CPU
		{6E1BB615-FDDA-469F-BCED-323348FE2912}.Debug|Any CPU.Build.0 = Debug|Any CPU
		{6E1BB615-FDDA-469F-BCED-323348FE2912}.Release|Any CPU.ActiveCfg = Release|Any CPU
		{6E1BB615-FDDA-469F-BCED-323348FE2912}.Release|Any CPU.Build.0 = Release|Any CPU
	EndGlobalSection
	GlobalSection(SolutionProperties) = preSolution
		HideSolutionNode = FALSE
	EndGlobalSection
	GlobalSection(ExtensibilityGlobals) = postSolution
		SolutionGuid = {17E6FB3A-EC2C-4475-9DA6-4CBC4F0BDF3C}
	EndGlobalSection
EndGlobal
